
Microsoft Visual Studio Solution File, Format Version 11.00
# Visual Studio 2010
Project("{FAE04EC0-301F-11D3-BF4B-00C04F79EFBC}") = "SLX_Outlook_AddIn", "SLX_Outlook_AddIn\SLX_Outlook_AddIn.csproj", "{F87C8923-9C5C-4B84-BB68-19F023F4D497}"
EndProject
Global
	GlobalSection(SolutionConfigurationPlatforms) = preSolution
		CD_ROM|Any CPU = CD_ROM|Any CPU
		Debug|Any CPU = Debug|Any CPU
		DVD-5|Any CPU = DVD-5|Any CPU
		Release|Any CPU = Release|Any CPU
		SingleImage|Any CPU = SingleImage|Any CPU
	EndGlobalSection
	GlobalSection(ProjectConfigurationPlatforms) = postSolution
		{F87C8923-9C5C-4B84-BB68-19F023F4D497}.CD_ROM|Any CPU.ActiveCfg = Release|Any CPU
		{F87C8923-9C5C-4B84-BB68-19F023F4D497}.CD_ROM|Any CPU.Build.0 = Release|Any CPU
		{F87C8923-9C5C-4B84-BB68-19F023F4D497}.Debug|Any CPU.ActiveCfg = Debug|Any CPU
		{F87C8923-9C5C-4B84-BB68-19F023F4D497}.Debug|Any CPU.Build.0 = Debug|Any CPU
		{F87C8923-9C5C-4B84-BB68-19F023F4D497}.DVD-5|Any CPU.ActiveCfg = Debug|Any CPU
		{F87C8923-9C5C-4B84-BB68-19F023F4D497}.DVD-5|Any CPU.Build.0 = Debug|Any CPU
		{F87C8923-9C5C-4B84-BB68-19F023F4D497}.Release|Any CPU.ActiveCfg = Release|Any CPU
		{F87C8923-9C5C-4B84-BB68-19F023F4D497}.Release|Any CPU.Build.0 = Release|Any CPU
		{F87C8923-9C5C-4B84-BB68-19F023F4D497}.SingleImage|Any CPU.ActiveCfg = Release|Any CPU
		{F87C8923-9C5C-4B84-BB68-19F023F4D497}.SingleImage|Any CPU.Build.0 = Release|Any CPU
	EndGlobalSection
	GlobalSection(SolutionProperties) = preSolution
		HideSolutionNode = FALSE
	EndGlobalSection
EndGlobal
